
Microsoft Visual Studio Solution File, Format Version 12.00
# Visual Studio Version 17
VisualStudioVersion = 17.8.34322.80
MinimumVisualStudioVersion = 10.0.40219.1
Project("{2150E333-8FDC-42A3-9474-1A3956D46DE8}") = "buildingBlock", "buildingBlock", "{49849907-53F7-428C-89FD-EFFDC17654D1}"
EndProject
Project("{2150E333-8FDC-42A3-9474-1A3956D46DE8}") = "services", "services", "{7FD8FD93-5AF6-4F0B-931C-850F27B162FC}"
EndProject
Project("{9A19103F-16F7-4668-BE54-9A1E7A4F7556}") = "buildingBlock", "buildingBlock\buildingBlock\buildingBlock.csproj", "{310146FA-6A85-40C3-9A78-32E3312C2E43}"
EndProject
Project("{FAE04EC0-301F-11D3-BF4B-00C04F79EFBC}") = "buildingBlock.Messaging", "buildingBlock\buildingBlock.Messaging\buildingBlock.Messaging.csproj", "{4FBF1D45-A679-425E-AA13-4793672E7AA4}"
EndProject
Global
	GlobalSection(SolutionConfigurationPlatforms) = preSolution
		Debug|Any CPU = Debug|Any CPU
		Release|Any CPU = Release|Any CPU
	EndGlobalSection
	GlobalSection(ProjectConfigurationPlatforms) = postSolution
		{310146FA-6A85-40C3-9A78-32E3312C2E43}.Debug|Any CPU.ActiveCfg = Debug|Any CPU
		{310146FA-6A85-40C3-9A78-32E3312C2E43}.Debug|Any CPU.Build.0 = Debug|Any CPU
		{310146FA-6A85-40C3-9A78-32E3312C2E43}.Release|Any CPU.ActiveCfg = Release|Any CPU
		{310146FA-6A85-40C3-9A78-32E3312C2E43}.Release|Any CPU.Build.0 = Release|Any CPU
		{4FBF1D45-A679-425E-AA13-4793672E7AA4}.Debug|Any CPU.ActiveCfg = Debug|Any CPU
		{4FBF1D45-A679-425E-AA13-4793672E7AA4}.Debug|Any CPU.Build.0 = Debug|Any CPU
		{4FBF1D45-A679-425E-AA13-4793672E7AA4}.Release|Any CPU.ActiveCfg = Release|Any CPU
		{4FBF1D45-A679-425E-AA13-4793672E7AA4}.Release|Any CPU.Build.0 = Release|Any CPU
	EndGlobalSection
	GlobalSection(SolutionProperties) = preSolution
		HideSolutionNode = FALSE
	EndGlobalSection
	GlobalSection(NestedProjects) = preSolution
		{310146FA-6A85-40C3-9A78-32E3312C2E43} = {49849907-53F7-428C-89FD-EFFDC17654D1}
		{4FBF1D45-A679-425E-AA13-4793672E7AA4} = {49849907-53F7-428C-89FD-EFFDC17654D1}
	EndGlobalSection
	GlobalSection(ExtensibilityGlobals) = postSolution
		SolutionGuid = {6FAF250F-F6A1-4191-923D-3E02392CB43C}
	EndGlobalSection
EndGlobal
